
Microsoft Visual Studio Solution File, Format Version 12.00
# Visual Studio Version 16
VisualStudioVersion = 16.0.32929.386
MinimumVisualStudioVersion = 10.0.40219.1
Project("{FAE04EC0-301F-11D3-BF4B-00C04F79EFBC}") = "ValidationTask_Class3", "ValidationTask_Class3\ValidationTask_Class3.csproj", "{574B2A0D-4AC9-4A3C-A256-5157979987A2}"
EndProject
Global
	GlobalSection(SolutionConfigurationPlatforms) = preSolution
		Debug|Any CPU = Debug|Any CPU
		Release|Any CPU = Release|Any CPU
	EndGlobalSection
	GlobalSection(ProjectConfigurationPlatforms) = postSolution
		{574B2A0D-4AC9-4A3C-A256-5157979987A2}.Debug|Any CPU.ActiveCfg = Debug|Any CPU
		{574B2A0D-4AC9-4A3C-A256-5157979987A2}.Debug|Any CPU.Build.0 = Debug|Any CPU
		{574B2A0D-4AC9-4A3C-A256-5157979987A2}.Release|Any CPU.ActiveCfg = Release|Any CPU
		{574B2A0D-4AC9-4A3C-A256-5157979987A2}.Release|Any CPU.Build.0 = Release|Any CPU
	EndGlobalSection
	GlobalSection(SolutionProperties) = preSolution
		HideSolutionNode = FALSE
	EndGlobalSection
	GlobalSection(ExtensibilityGlobals) = postSolution
		SolutionGuid = {1D48829D-4D46-4514-A231-88E75562B26E}
	EndGlobalSection
EndGlobal
